
Microsoft Visual Studio Solution File, Format Version 12.00
# Visual Studio 15
VisualStudioVersion = 15.0.28307.421
MinimumVisualStudioVersion = 10.0.40219.1
Project("{FAE04EC0-301F-11D3-BF4B-00C04F79EFBC}") = "MyXadrex", "MyXadrex\MyXadrex.csproj", "{5C5FC756-969C-482B-A18F-A7652B384695}"
EndProject
Global
	GlobalSection(SolutionConfigurationPlatforms) = preSolution
		Debug|Any CPU = Debug|Any CPU
		Release|Any CPU = Release|Any CPU
	EndGlobalSection
	GlobalSection(ProjectConfigurationPlatforms) = postSolution
		{5C5FC756-969C-482B-A18F-A7652B384695}.Debug|Any CPU.ActiveCfg = Debug|Any CPU
		{5C5FC756-969C-482B-A18F-A7652B384695}.Debug|Any CPU.Build.0 = Debug|Any CPU
		{5C5FC756-969C-482B-A18F-A7652B384695}.Release|Any CPU.ActiveCfg = Release|Any CPU
		{5C5FC756-969C-482B-A18F-A7652B384695}.Release|Any CPU.Build.0 = Release|Any CPU
	EndGlobalSection
	GlobalSection(SolutionProperties) = preSolution
		HideSolutionNode = FALSE
	EndGlobalSection
	GlobalSection(ExtensibilityGlobals) = postSolution
		SolutionGuid = {E4E641B1-5B1E-4A6E-B2A6-C8A28B41BE36}
	EndGlobalSection
EndGlobal
